
Microsoft Visual Studio Solution File, Format Version 12.00
# Visual Studio Version 16
VisualStudioVersion = 16.0.30804.86
MinimumVisualStudioVersion = 10.0.40219.1
Project("{9A19103F-16F7-4668-BE54-9A1E7A4F7556}") = "DetectorVirus", "DetectorVirus\DetectorVirus.csproj", "{731DFF37-16BB-4E1B-ABE7-4484EAC8FD01}"
EndProject
Global
	GlobalSection(SolutionConfigurationPlatforms) = preSolution
		Debug|Any CPU = Debug|Any CPU
		Release|Any CPU = Release|Any CPU
	EndGlobalSection
	GlobalSection(ProjectConfigurationPlatforms) = postSolution
		{731DFF37-16BB-4E1B-ABE7-4484EAC8FD01}.Debug|Any CPU.ActiveCfg = Debug|Any CPU
		{731DFF37-16BB-4E1B-ABE7-4484EAC8FD01}.Debug|Any CPU.Build.0 = Debug|Any CPU
		{731DFF37-16BB-4E1B-ABE7-4484EAC8FD01}.Release|Any CPU.ActiveCfg = Release|Any CPU
		{731DFF37-16BB-4E1B-ABE7-4484EAC8FD01}.Release|Any CPU.Build.0 = Release|Any CPU
	EndGlobalSection
	GlobalSection(SolutionProperties) = preSolution
		HideSolutionNode = FALSE
	EndGlobalSection
	GlobalSection(ExtensibilityGlobals) = postSolution
		SolutionGuid = {527F6256-F7B0-4DDF-B38A-F6CBDA398205}
	EndGlobalSection
EndGlobal
